
Microsoft Visual Studio Solution File, Format Version 12.00
# Visual Studio 15
VisualStudioVersion = 15.0.28307.852
MinimumVisualStudioVersion = 10.0.40219.1
Project("{8BC9CEB8-8B4A-11D0-8D11-00A0C91BC942}") = "FlatBufferEncodingDecoding", "FlatBufferEncodingDecoding\FlatBufferEncodingDecoding.vcxproj", "{23951DF3-2DE9-4368-8B0C-18CA2AEC04B8}"
EndProject
Global
	GlobalSection(SolutionConfigurationPlatforms) = preSolution
		Debug|x64 = Debug|x64
		Debug|x86 = Debug|x86
		Release|x64 = Release|x64
		Release|x86 = Release|x86
	EndGlobalSection
	GlobalSection(ProjectConfigurationPlatforms) = postSolution
		{23951DF3-2DE9-4368-8B0C-18CA2AEC04B8}.Debug|x64.ActiveCfg = Debug|x64
		{23951DF3-2DE9-4368-8B0C-18CA2AEC04B8}.Debug|x64.Build.0 = Debug|x64
		{23951DF3-2DE9-4368-8B0C-18CA2AEC04B8}.Debug|x86.ActiveCfg = Debug|Win32
		{23951DF3-2DE9-4368-8B0C-18CA2AEC04B8}.Debug|x86.Build.0 = Debug|Win32
		{23951DF3-2DE9-4368-8B0C-18CA2AEC04B8}.Release|x64.ActiveCfg = Release|x64
		{23951DF3-2DE9-4368-8B0C-18CA2AEC04B8}.Release|x64.Build.0 = Release|x64
		{23951DF3-2DE9-4368-8B0C-18CA2AEC04B8}.Release|x86.ActiveCfg = Release|Win32
		{23951DF3-2DE9-4368-8B0C-18CA2AEC04B8}.Release|x86.Build.0 = Release|Win32
	EndGlobalSection
	GlobalSection(SolutionProperties) = preSolution
		HideSolutionNode = FALSE
	EndGlobalSection
	GlobalSection(ExtensibilityGlobals) = postSolution
		SolutionGuid = {E5A9AF15-84F7-4E35-8028-DE520B59A26C}
	EndGlobalSection
EndGlobal
