
Microsoft Visual Studio Solution File, Format Version 12.00
# Visual Studio 15
VisualStudioVersion = 15.0.28307.852
MinimumVisualStudioVersion = 10.0.40219.1
Project("{8BC9CEB8-8B4A-11D0-8D11-00A0C91BC942}") = "FlatBufferEncoder", "FlatBufferEncoder\FlatBufferEncoder.vcxproj", "{23951DF3-2DE9-4368-8B0C-18CA2AEC04B8}"
EndProject
Project("{9A19103F-16F7-4668-BE54-9A1E7A4F7556}") = "FlatBuffers", "deps\flatbuffers\net\FlatBuffers\FlatBuffers.csproj", "{761735B5-8BAD-40B3-81DE-33CB8252EBA5}"
EndProject
Project("{FAE04EC0-301F-11D3-BF4B-00C04F79EFBC}") = "FlatBufferDecoder", "FlatBufferDecoder\FlatBufferDecoder.csproj", "{002E23DC-64B4-4B51-A2F5-69FD7ADCFA6B}"
EndProject
Global
	GlobalSection(SolutionConfigurationPlatforms) = preSolution
		Debug|Any CPU = Debug|Any CPU
		Debug|x64 = Debug|x64
		Debug|x86 = Debug|x86
		Release|Any CPU = Release|Any CPU
		Release|x64 = Release|x64
		Release|x86 = Release|x86
	EndGlobalSection
	GlobalSection(ProjectConfigurationPlatforms) = postSolution
		{23951DF3-2DE9-4368-8B0C-18CA2AEC04B8}.Debug|Any CPU.ActiveCfg = Debug|Win32
		{23951DF3-2DE9-4368-8B0C-18CA2AEC04B8}.Debug|x64.ActiveCfg = Debug|x64
		{23951DF3-2DE9-4368-8B0C-18CA2AEC04B8}.Debug|x64.Build.0 = Debug|x64
		{23951DF3-2DE9-4368-8B0C-18CA2AEC04B8}.Debug|x86.ActiveCfg = Debug|Win32
		{23951DF3-2DE9-4368-8B0C-18CA2AEC04B8}.Debug|x86.Build.0 = Debug|Win32
		{23951DF3-2DE9-4368-8B0C-18CA2AEC04B8}.Release|Any CPU.ActiveCfg = Release|Win32
		{23951DF3-2DE9-4368-8B0C-18CA2AEC04B8}.Release|x64.ActiveCfg = Release|x64
		{23951DF3-2DE9-4368-8B0C-18CA2AEC04B8}.Release|x64.Build.0 = Release|x64
		{23951DF3-2DE9-4368-8B0C-18CA2AEC04B8}.Release|x86.ActiveCfg = Release|Win32
		{23951DF3-2DE9-4368-8B0C-18CA2AEC04B8}.Release|x86.Build.0 = Release|Win32
		{761735B5-8BAD-40B3-81DE-33CB8252EBA5}.Debug|Any CPU.ActiveCfg = Debug|Any CPU
		{761735B5-8BAD-40B3-81DE-33CB8252EBA5}.Debug|Any CPU.Build.0 = Debug|Any CPU
		{761735B5-8BAD-40B3-81DE-33CB8252EBA5}.Debug|x64.ActiveCfg = Debug|Any CPU
		{761735B5-8BAD-40B3-81DE-33CB8252EBA5}.Debug|x64.Build.0 = Debug|Any CPU
		{761735B5-8BAD-40B3-81DE-33CB8252EBA5}.Debug|x86.ActiveCfg = Debug|Any CPU
		{761735B5-8BAD-40B3-81DE-33CB8252EBA5}.Debug|x86.Build.0 = Debug|Any CPU
		{761735B5-8BAD-40B3-81DE-33CB8252EBA5}.Release|Any CPU.ActiveCfg = Release|Any CPU
		{761735B5-8BAD-40B3-81DE-33CB8252EBA5}.Release|Any CPU.Build.0 = Release|Any CPU
		{761735B5-8BAD-40B3-81DE-33CB8252EBA5}.Release|x64.ActiveCfg = Release|Any CPU
		{761735B5-8BAD-40B3-81DE-33CB8252EBA5}.Release|x64.Build.0 = Release|Any CPU
		{761735B5-8BAD-40B3-81DE-33CB8252EBA5}.Release|x86.ActiveCfg = Release|Any CPU
		{761735B5-8BAD-40B3-81DE-33CB8252EBA5}.Release|x86.Build.0 = Release|Any CPU
		{002E23DC-64B4-4B51-A2F5-69FD7ADCFA6B}.Debug|Any CPU.ActiveCfg = Debug|Any CPU
		{002E23DC-64B4-4B51-A2F5-69FD7ADCFA6B}.Debug|Any CPU.Build.0 = Debug|Any CPU
		{002E23DC-64B4-4B51-A2F5-69FD7ADCFA6B}.Debug|x64.ActiveCfg = Debug|Any CPU
		{002E23DC-64B4-4B51-A2F5-69FD7ADCFA6B}.Debug|x64.Build.0 = Debug|Any CPU
		{002E23DC-64B4-4B51-A2F5-69FD7ADCFA6B}.Debug|x86.ActiveCfg = Debug|Any CPU
		{002E23DC-64B4-4B51-A2F5-69FD7ADCFA6B}.Debug|x86.Build.0 = Debug|Any CPU
		{002E23DC-64B4-4B51-A2F5-69FD7ADCFA6B}.Release|Any CPU.ActiveCfg = Release|Any CPU
		{002E23DC-64B4-4B51-A2F5-69FD7ADCFA6B}.Release|Any CPU.Build.0 = Release|Any CPU
		{002E23DC-64B4-4B51-A2F5-69FD7ADCFA6B}.Release|x64.ActiveCfg = Release|Any CPU
		{002E23DC-64B4-4B51-A2F5-69FD7ADCFA6B}.Release|x64.Build.0 = Release|Any CPU
		{002E23DC-64B4-4B51-A2F5-69FD7ADCFA6B}.Release|x86.ActiveCfg = Release|Any CPU
		{002E23DC-64B4-4B51-A2F5-69FD7ADCFA6B}.Release|x86.Build.0 = Release|Any CPU
	EndGlobalSection
	GlobalSection(SolutionProperties) = preSolution
		HideSolutionNode = FALSE
	EndGlobalSection
	GlobalSection(ExtensibilityGlobals) = postSolution
		SolutionGuid = {E5A9AF15-84F7-4E35-8028-DE520B59A26C}
	EndGlobalSection
EndGlobal
